
Microsoft Visual Studio Solution File, Format Version 12.00
# Visual Studio 15
VisualStudioVersion = 15.0.27703.2026
MinimumVisualStudioVersion = 10.0.40219.1
Project("{FAE04EC0-301F-11D3-BF4B-00C04F79EFBC}") = "famNaamvoorNaam", "famNaamvoorNaam\famNaamvoorNaam.csproj", "{7B27DC36-6139-43AF-86A8-53DFFE0FD701}"
EndProject
Global
	GlobalSection(SolutionConfigurationPlatforms) = preSolution
		Debug|Any CPU = Debug|Any CPU
		Release|Any CPU = Release|Any CPU
	EndGlobalSection
	GlobalSection(ProjectConfigurationPlatforms) = postSolution
		{7B27DC36-6139-43AF-86A8-53DFFE0FD701}.Debug|Any CPU.ActiveCfg = Debug|Any CPU
		{7B27DC36-6139-43AF-86A8-53DFFE0FD701}.Debug|Any CPU.Build.0 = Debug|Any CPU
		{7B27DC36-6139-43AF-86A8-53DFFE0FD701}.Release|Any CPU.ActiveCfg = Release|Any CPU
		{7B27DC36-6139-43AF-86A8-53DFFE0FD701}.Release|Any CPU.Build.0 = Release|Any CPU
	EndGlobalSection
	GlobalSection(SolutionProperties) = preSolution
		HideSolutionNode = FALSE
	EndGlobalSection
	GlobalSection(ExtensibilityGlobals) = postSolution
		SolutionGuid = {EFCACD49-DE1B-40A6-BA3E-B3F0B810CC75}
	EndGlobalSection
EndGlobal
